// !$*UTF8*$!
{
	archiveVersion = 1;
	classes = {
	};
	objectVersion = 56;
	objects = {

/* Begin PBXBuildFile section */
		5287ECC72BD0DA450081471B /* MontraDevApp.swift in Sources */ = {isa = PBXBuildFile; fileRef = 5287ECC62BD0DA450081471B /* MontraDevApp.swift */; };
		5287ECC92BD0DA450081471B /* ContentView.swift in Sources */ = {isa = PBXBuildFile; fileRef = 5287ECC82BD0DA450081471B /* ContentView.swift */; };
		5287ECCB2BD0DA470081471B /* Assets.xcassets in Resources */ = {isa = PBXBuildFile; fileRef = 5287ECCA2BD0DA470081471B /* Assets.xcassets */; };
		5287ECCE2BD0DA470081471B /* Preview Assets.xcassets in Resources */ = {isa = PBXBuildFile; fileRef = 5287ECCD2BD0DA470081471B /* Preview Assets.xcassets */; };
		5287ECD82BD0DA470081471B /* MontraDevTests.swift in Sources */ = {isa = PBXBuildFile; fileRef = 5287ECD72BD0DA470081471B /* MontraDevTests.swift */; };
		5287ECE22BD0DA470081471B /* MontraDevUITests.swift in Sources */ = {isa = PBXBuildFile; fileRef = 5287ECE12BD0DA470081471B /* MontraDevUITests.swift */; };
		5287ECE42BD0DA470081471B /* MontraDevUITestsLaunchTests.swift in Sources */ = {isa = PBXBuildFile; fileRef = 5287ECE32BD0DA470081471B /* MontraDevUITestsLaunchTests.swift */; };
		5287ECF52BD0DB5C0081471B /* LaunchScreen.storyboard in Resources */ = {isa = PBXBuildFile; fileRef = 5287ECF42BD0DB5C0081471B /* LaunchScreen.storyboard */; };
		52E35E7C2BD0FC71009CDDDD /* Onboarding.swift in Sources */ = {isa = PBXBuildFile; fileRef = 52E35E7B2BD0FC71009CDDDD /* Onboarding.swift */; };
		52E35E7F2BD1011C009CDDDD /* OnboardingSingleView.swift in Sources */ = {isa = PBXBuildFile; fileRef = 52E35E7E2BD1011C009CDDDD /* OnboardingSingleView.swift */; };
		52E35E812BD10206009CDDDD /* OnboardingView.swift in Sources */ = {isa = PBXBuildFile; fileRef = 52E35E802BD10206009CDDDD /* OnboardingView.swift */; };
		52E35E832BD10616009CDDDD /* CustomDotIndicator.swift in Sources */ = {isa = PBXBuildFile; fileRef = 52E35E822BD10616009CDDDD /* CustomDotIndicator.swift */; };
		52F3D8472BD10CC6001354E5 /* Inter-SemiBold.ttf in Resources */ = {isa = PBXBuildFile; fileRef = 52F3D83E2BD10CC6001354E5 /* Inter-SemiBold.ttf */; };
		52F3D8482BD10CC6001354E5 /* Inter-ExtraBold.ttf in Resources */ = {isa = PBXBuildFile; fileRef = 52F3D83F2BD10CC6001354E5 /* Inter-ExtraBold.ttf */; };
		52F3D8492BD10CC6001354E5 /* Inter-Black.ttf in Resources */ = {isa = PBXBuildFile; fileRef = 52F3D8402BD10CC6001354E5 /* Inter-Black.ttf */; };
		52F3D84A2BD10CC6001354E5 /* Inter-Bold.ttf in Resources */ = {isa = PBXBuildFile; fileRef = 52F3D8412BD10CC6001354E5 /* Inter-Bold.ttf */; };
		52F3D84B2BD10CC6001354E5 /* Inter-Medium.ttf in Resources */ = {isa = PBXBuildFile; fileRef = 52F3D8422BD10CC6001354E5 /* Inter-Medium.ttf */; };
		52F3D84C2BD10CC6001354E5 /* Inter-Regular.ttf in Resources */ = {isa = PBXBuildFile; fileRef = 52F3D8432BD10CC6001354E5 /* Inter-Regular.ttf */; };
		52F3D84D2BD10CC6001354E5 /* Inter-ExtraLight.ttf in Resources */ = {isa = PBXBuildFile; fileRef = 52F3D8442BD10CC6001354E5 /* Inter-ExtraLight.ttf */; };
		52F3D84E2BD10CC6001354E5 /* Inter-Thin.ttf in Resources */ = {isa = PBXBuildFile; fileRef = 52F3D8452BD10CC6001354E5 /* Inter-Thin.ttf */; };
		52F3D84F2BD10CC6001354E5 /* Inter-Light.ttf in Resources */ = {isa = PBXBuildFile; fileRef = 52F3D8462BD10CC6001354E5 /* Inter-Light.ttf */; };
/* End PBXBuildFile section */

/* Begin PBXContainerItemProxy section */
		5287ECD42BD0DA470081471B /* PBXContainerItemProxy */ = {
			isa = PBXContainerItemProxy;
			containerPortal = 5287ECBB2BD0DA450081471B /* Project object */;
			proxyType = 1;
			remoteGlobalIDString = 5287ECC22BD0DA450081471B;
			remoteInfo = MontraDev;
		};
		5287ECDE2BD0DA470081471B /* PBXContainerItemProxy */ = {
			isa = PBXContainerItemProxy;
			containerPortal = 5287ECBB2BD0DA450081471B /* Project object */;
			proxyType = 1;
			remoteGlobalIDString = 5287ECC22BD0DA450081471B;
			remoteInfo = MontraDev;
		};
/* End PBXContainerItemProxy section */

/* Begin PBXFileReference section */
		5287ECC32BD0DA450081471B /* MontraDev.app */ = {isa = PBXFileReference; explicitFileType = wrapper.application; includeInIndex = 0; path = MontraDev.app; sourceTree = BUILT_PRODUCTS_DIR; };
		5287ECC62BD0DA450081471B /* MontraDevApp.swift */ = {isa = PBXFileReference; lastKnownFileType = sourcecode.swift; path = MontraDevApp.swift; sourceTree = "<group>"; };
		5287ECC82BD0DA450081471B /* ContentView.swift */ = {isa = PBXFileReference; lastKnownFileType = sourcecode.swift; path = ContentView.swift; sourceTree = "<group>"; };
		5287ECCA2BD0DA470081471B /* Assets.xcassets */ = {isa = PBXFileReference; lastKnownFileType = folder.assetcatalog; path = Assets.xcassets; sourceTree = "<group>"; };
		5287ECCD2BD0DA470081471B /* Preview Assets.xcassets */ = {isa = PBXFileReference; lastKnownFileType = folder.assetcatalog; path = "Preview Assets.xcassets"; sourceTree = "<group>"; };
		5287ECD32BD0DA470081471B /* MontraDevTests.xctest */ = {isa = PBXFileReference; explicitFileType = wrapper.cfbundle; includeInIndex = 0; path = MontraDevTests.xctest; sourceTree = BUILT_PRODUCTS_DIR; };
		5287ECD72BD0DA470081471B /* MontraDevTests.swift */ = {isa = PBXFileReference; lastKnownFileType = sourcecode.swift; path = MontraDevTests.swift; sourceTree = "<group>"; };
		5287ECDD2BD0DA470081471B /* MontraDevUITests.xctest */ = {isa = PBXFileReference; explicitFileType = wrapper.cfbundle; includeInIndex = 0; path = MontraDevUITests.xctest; sourceTree = BUILT_PRODUCTS_DIR; };
		5287ECE12BD0DA470081471B /* MontraDevUITests.swift */ = {isa = PBXFileReference; lastKnownFileType = sourcecode.swift; path = MontraDevUITests.swift; sourceTree = "<group>"; };
		5287ECE32BD0DA470081471B /* MontraDevUITestsLaunchTests.swift */ = {isa = PBXFileReference; lastKnownFileType = sourcecode.swift; path = MontraDevUITestsLaunchTests.swift; sourceTree = "<group>"; };
		5287ECF42BD0DB5C0081471B /* LaunchScreen.storyboard */ = {isa = PBXFileReference; lastKnownFileType = file.storyboard; path = LaunchScreen.storyboard; sourceTree = "<group>"; };
		52E35E7B2BD0FC71009CDDDD /* Onboarding.swift */ = {isa = PBXFileReference; lastKnownFileType = sourcecode.swift; path = Onboarding.swift; sourceTree = "<group>"; };
		52E35E7E2BD1011C009CDDDD /* OnboardingSingleView.swift */ = {isa = PBXFileReference; lastKnownFileType = sourcecode.swift; path = OnboardingSingleView.swift; sourceTree = "<group>"; };
		52E35E802BD10206009CDDDD /* OnboardingView.swift */ = {isa = PBXFileReference; lastKnownFileType = sourcecode.swift; path = OnboardingView.swift; sourceTree = "<group>"; };
		52E35E822BD10616009CDDDD /* CustomDotIndicator.swift */ = {isa = PBXFileReference; lastKnownFileType = sourcecode.swift; path = CustomDotIndicator.swift; sourceTree = "<group>"; };
		52F3D83E2BD10CC6001354E5 /* Inter-SemiBold.ttf */ = {isa = PBXFileReference; lastKnownFileType = file; path = "Inter-SemiBold.ttf"; sourceTree = "<group>"; };
		52F3D83F2BD10CC6001354E5 /* Inter-ExtraBold.ttf */ = {isa = PBXFileReference; lastKnownFileType = file; path = "Inter-ExtraBold.ttf"; sourceTree = "<group>"; };
		52F3D8402BD10CC6001354E5 /* Inter-Black.ttf */ = {isa = PBXFileReference; lastKnownFileType = file; path = "Inter-Black.ttf"; sourceTree = "<group>"; };
		52F3D8412BD10CC6001354E5 /* Inter-Bold.ttf */ = {isa = PBXFileReference; lastKnownFileType = file; path = "Inter-Bold.ttf"; sourceTree = "<group>"; };
		52F3D8422BD10CC6001354E5 /* Inter-Medium.ttf */ = {isa = PBXFileReference; lastKnownFileType = file; path = "Inter-Medium.ttf"; sourceTree = "<group>"; };
		52F3D8432BD10CC6001354E5 /* Inter-Regular.ttf */ = {isa = PBXFileReference; lastKnownFileType = file; path = "Inter-Regular.ttf"; sourceTree = "<group>"; };
		52F3D8442BD10CC6001354E5 /* Inter-ExtraLight.ttf */ = {isa = PBXFileReference; lastKnownFileType = file; path = "Inter-ExtraLight.ttf"; sourceTree = "<group>"; };
		52F3D8452BD10CC6001354E5 /* Inter-Thin.ttf */ = {isa = PBXFileReference; lastKnownFileType = file; path = "Inter-Thin.ttf"; sourceTree = "<group>"; };
		52F3D8462BD10CC6001354E5 /* Inter-Light.ttf */ = {isa = PBXFileReference; lastKnownFileType = file; path = "Inter-Light.ttf"; sourceTree = "<group>"; };
/* End PBXFileReference section */

/* Begin PBXFrameworksBuildPhase section */
		5287ECC02BD0DA450081471B /* Frameworks */ = {
			isa = PBXFrameworksBuildPhase;
			buildActionMask = 2147483647;
			files = (
			);
			runOnlyForDeploymentPostprocessing = 0;
		};
		5287ECD02BD0DA470081471B /* Frameworks */ = {
			isa = PBXFrameworksBuildPhase;
			buildActionMask = 2147483647;
			files = (
			);
			runOnlyForDeploymentPostprocessing = 0;
		};
		5287ECDA2BD0DA470081471B /* Frameworks */ = {
			isa = PBXFrameworksBuildPhase;
			buildActionMask = 2147483647;
			files = (
			);
			runOnlyForDeploymentPostprocessing = 0;
		};
/* End PBXFrameworksBuildPhase section */

/* Begin PBXGroup section */
		5287ECBA2BD0DA450081471B = {
			isa = PBXGroup;
			children = (
				5287ECC52BD0DA450081471B /* MontraDev */,
				5287ECD62BD0DA470081471B /* MontraDevTests */,
				5287ECE02BD0DA470081471B /* MontraDevUITests */,
				5287ECC42BD0DA450081471B /* Products */,
			);
			sourceTree = "<group>";
		};
		5287ECC42BD0DA450081471B /* Products */ = {
			isa = PBXGroup;
			children = (
				5287ECC32BD0DA450081471B /* MontraDev.app */,
				5287ECD32BD0DA470081471B /* MontraDevTests.xctest */,
				5287ECDD2BD0DA470081471B /* MontraDevUITests.xctest */,
			);
			name = Products;
			sourceTree = "<group>";
		};
		5287ECC52BD0DA450081471B /* MontraDev */ = {
			isa = PBXGroup;
			children = (
				52E35E7A2BD0FC3D009CDDDD /* Model */,
				5287ECF12BD0DA5D0081471B /* App */,
				5287ECF02BD0DA550081471B /* View */,
				5287ECF22BD0DA630081471B /* Resources */,
				5287ECCC2BD0DA470081471B /* Preview Content */,
			);
			path = MontraDev;
			sourceTree = "<group>";
		};
		5287ECCC2BD0DA470081471B /* Preview Content */ = {
			isa = PBXGroup;
			children = (
				5287ECCD2BD0DA470081471B /* Preview Assets.xcassets */,
			);
			path = "Preview Content";
			sourceTree = "<group>";
		};
		5287ECD62BD0DA470081471B /* MontraDevTests */ = {
			isa = PBXGroup;
			children = (
				5287ECD72BD0DA470081471B /* MontraDevTests.swift */,
			);
			path = MontraDevTests;
			sourceTree = "<group>";
		};
		5287ECE02BD0DA470081471B /* MontraDevUITests */ = {
			isa = PBXGroup;
			children = (
				5287ECE12BD0DA470081471B /* MontraDevUITests.swift */,
				5287ECE32BD0DA470081471B /* MontraDevUITestsLaunchTests.swift */,
			);
			path = MontraDevUITests;
			sourceTree = "<group>";
		};
		5287ECF02BD0DA550081471B /* View */ = {
			isa = PBXGroup;
			children = (
				52E35E7D2BD10103009CDDDD /* Component */,
				5287ECF32BD0DB450081471B /* Launch */,
				5287ECC82BD0DA450081471B /* ContentView.swift */,
				52E35E802BD10206009CDDDD /* OnboardingView.swift */,
			);
			path = View;
			sourceTree = "<group>";
		};
		5287ECF12BD0DA5D0081471B /* App */ = {
			isa = PBXGroup;
			children = (
				5287ECC62BD0DA450081471B /* MontraDevApp.swift */,
			);
			path = App;
			sourceTree = "<group>";
		};
		5287ECF22BD0DA630081471B /* Resources */ = {
			isa = PBXGroup;
			children = (
				52E35E662BD0F8E7009CDDDD /* font */,
				5287ECCA2BD0DA470081471B /* Assets.xcassets */,
			);
			path = Resources;
			sourceTree = "<group>";
		};
		5287ECF32BD0DB450081471B /* Launch */ = {
			isa = PBXGroup;
			children = (
				5287ECF42BD0DB5C0081471B /* LaunchScreen.storyboard */,
			);
			path = Launch;
			sourceTree = "<group>";
		};
		52E35E662BD0F8E7009CDDDD /* font */ = {
			isa = PBXGroup;
			children = (
				52F3D8402BD10CC6001354E5 /* Inter-Black.ttf */,
				52F3D8412BD10CC6001354E5 /* Inter-Bold.ttf */,
				52F3D83F2BD10CC6001354E5 /* Inter-ExtraBold.ttf */,
				52F3D8442BD10CC6001354E5 /* Inter-ExtraLight.ttf */,
				52F3D8462BD10CC6001354E5 /* Inter-Light.ttf */,
				52F3D8422BD10CC6001354E5 /* Inter-Medium.ttf */,
				52F3D8432BD10CC6001354E5 /* Inter-Regular.ttf */,
				52F3D83E2BD10CC6001354E5 /* Inter-SemiBold.ttf */,
				52F3D8452BD10CC6001354E5 /* Inter-Thin.ttf */,
			);
			path = font;
			sourceTree = "<group>";
		};
		52E35E7A2BD0FC3D009CDDDD /* Model */ = {
			isa = PBXGroup;
			children = (
				52E35E7B2BD0FC71009CDDDD /* Onboarding.swift */,
			);
			path = Model;
			sourceTree = "<group>";
		};
		52E35E7D2BD10103009CDDDD /* Component */ = {
			isa = PBXGroup;
			children = (
				52E35E7E2BD1011C009CDDDD /* OnboardingSingleView.swift */,
				52E35E822BD10616009CDDDD /* CustomDotIndicator.swift */,
			);
			path = Component;
			sourceTree = "<group>";
		};
/* End PBXGroup section */

/* Begin PBXNativeTarget section */
		5287ECC22BD0DA450081471B /* MontraDev */ = {
			isa = PBXNativeTarget;
			buildConfigurationList = 5287ECE72BD0DA470081471B /* Build configuration list for PBXNativeTarget "MontraDev" */;
			buildPhases = (
				5287ECBF2BD0DA450081471B /* Sources */,
				5287ECC02BD0DA450081471B /* Frameworks */,
				5287ECC12BD0DA450081471B /* Resources */,
			);
			buildRules = (
			);
			dependencies = (
			);
			name = MontraDev;
			productName = MontraDev;
			productReference = 5287ECC32BD0DA450081471B /* MontraDev.app */;
			productType = "com.apple.product-type.application";
		};
		5287ECD22BD0DA470081471B /* MontraDevTests */ = {
			isa = PBXNativeTarget;
			buildConfigurationList = 5287ECEA2BD0DA470081471B /* Build configuration list for PBXNativeTarget "MontraDevTests" */;
			buildPhases = (
				5287ECCF2BD0DA470081471B /* Sources */,
				5287ECD02BD0DA470081471B /* Frameworks */,
				5287ECD12BD0DA470081471B /* Resources */,
			);
			buildRules = (
			);
			dependencies = (
				5287ECD52BD0DA470081471B /* PBXTargetDependency */,
			);
			name = MontraDevTests;
			productName = MontraDevTests;
			productReference = 5287ECD32BD0DA470081471B /* MontraDevTests.xctest */;
			productType = "com.apple.product-type.bundle.unit-test";
		};
		5287ECDC2BD0DA470081471B /* MontraDevUITests */ = {
			isa = PBXNativeTarget;
			buildConfigurationList = 5287ECED2BD0DA470081471B /* Build configuration list for PBXNativeTarget "MontraDevUITests" */;
			buildPhases = (
				5287ECD92BD0DA470081471B /* Sources */,
				5287ECDA2BD0DA470081471B /* Frameworks */,
				5287ECDB2BD0DA470081471B /* Resources */,
			);
			buildRules = (
			);
			dependencies = (
				5287ECDF2BD0DA470081471B /* PBXTargetDependency */,
			);
			name = MontraDevUITests;
			productName = MontraDevUITests;
			productReference = 5287ECDD2BD0DA470081471B /* MontraDevUITests.xctest */;
			productType = "com.apple.product-type.bundle.ui-testing";
		};
/* End PBXNativeTarget section */

/* Begin PBXProject section */
		5287ECBB2BD0DA450081471B /* Project object */ = {
			isa = PBXProject;
			attributes = {
				BuildIndependentTargetsInParallel = 1;
				LastSwiftUpdateCheck = 1530;
				LastUpgradeCheck = 1530;
				TargetAttributes = {
					5287ECC22BD0DA450081471B = {
						CreatedOnToolsVersion = 15.3;
					};
					5287ECD22BD0DA470081471B = {
						CreatedOnToolsVersion = 15.3;
						TestTargetID = 5287ECC22BD0DA450081471B;
					};
					5287ECDC2BD0DA470081471B = {
						CreatedOnToolsVersion = 15.3;
						TestTargetID = 5287ECC22BD0DA450081471B;
					};
				};
			};
			buildConfigurationList = 5287ECBE2BD0DA450081471B /* Build configuration list for PBXProject "MontraDev" */;
			compatibilityVersion = "Xcode 14.0";
			developmentRegion = en;
			hasScannedForEncodings = 0;
			knownRegions = (
				en,
				Base,
			);
			mainGroup = 5287ECBA2BD0DA450081471B;
			productRefGroup = 5287ECC42BD0DA450081471B /* Products */;
			projectDirPath = "";
			projectRoot = "";
			targets = (
				5287ECC22BD0DA450081471B /* MontraDev */,
				5287ECD22BD0DA470081471B /* MontraDevTests */,
				5287ECDC2BD0DA470081471B /* MontraDevUITests */,
			);
		};
/* End PBXProject section */

/* Begin PBXResourcesBuildPhase section */
		5287ECC12BD0DA450081471B /* Resources */ = {
			isa = PBXResourcesBuildPhase;
			buildActionMask = 2147483647;
			files = (
				52F3D8482BD10CC6001354E5 /* Inter-ExtraBold.ttf in Resources */,
				52F3D84D2BD10CC6001354E5 /* Inter-ExtraLight.ttf in Resources */,
				52F3D84C2BD10CC6001354E5 /* Inter-Regular.ttf in Resources */,
				52F3D8492BD10CC6001354E5 /* Inter-Black.ttf in Resources */,
				52F3D8472BD10CC6001354E5 /* Inter-SemiBold.ttf in Resources */,
				52F3D84E2BD10CC6001354E5 /* Inter-Thin.ttf in Resources */,
				52F3D84A2BD10CC6001354E5 /* Inter-Bold.ttf in Resources */,
				52F3D84B2BD10CC6001354E5 /* Inter-Medium.ttf in Resources */,
				5287ECF52BD0DB5C0081471B /* LaunchScreen.storyboard in Resources */,
				5287ECCE2BD0DA470081471B /* Preview Assets.xcassets in Resources */,
				52F3D84F2BD10CC6001354E5 /* Inter-Light.ttf in Resources */,
				5287ECCB2BD0DA470081471B /* Assets.xcassets in Resources */,
			);
			runOnlyForDeploymentPostprocessing = 0;
		};
		5287ECD12BD0DA470081471B /* Resources */ = {
			isa = PBXResourcesBuildPhase;
			buildActionMask = 2147483647;
			files = (
			);
			runOnlyForDeploymentPostprocessing = 0;
		};
		5287ECDB2BD0DA470081471B /* Resources */ = {
			isa = PBXResourcesBuildPhase;
			buildActionMask = 2147483647;
			files = (
			);
			runOnlyForDeploymentPostprocessing = 0;
		};
/* End PBXResourcesBuildPhase section */

/* Begin PBXSourcesBuildPhase section */
		5287ECBF2BD0DA450081471B /* Sources */ = {
			isa = PBXSourcesBuildPhase;
			buildActionMask = 2147483647;
			files = (
				52E35E7C2BD0FC71009CDDDD /* Onboarding.swift in Sources */,
				5287ECC92BD0DA450081471B /* ContentView.swift in Sources */,
				52E35E832BD10616009CDDDD /* CustomDotIndicator.swift in Sources */,
				52E35E7F2BD1011C009CDDDD /* OnboardingSingleView.swift in Sources */,
				52E35E812BD10206009CDDDD /* OnboardingView.swift in Sources */,
				5287ECC72BD0DA450081471B /* MontraDevApp.swift in Sources */,
			);
			runOnlyForDeploymentPostprocessing = 0;
		};
		5287ECCF2BD0DA470081471B /* Sources */ = {
			isa = PBXSourcesBuildPhase;
			buildActionMask = 2147483647;
			files = (
				5287ECD82BD0DA470081471B /* MontraDevTests.swift in Sources */,
			);
			runOnlyForDeploymentPostprocessing = 0;
		};
		5287ECD92BD0DA470081471B /* Sources */ = {
			isa = PBXSourcesBuildPhase;
			buildActionMask = 2147483647;
			files = (
				5287ECE22BD0DA470081471B /* MontraDevUITests.swift in Sources */,
				5287ECE42BD0DA470081471B /* MontraDevUITestsLaunchTests.swift in Sources */,
			);
			runOnlyForDeploymentPostprocessing = 0;
		};
/* End PBXSourcesBuildPhase section */

/* Begin PBXTargetDependency section */
		5287ECD52BD0DA470081471B /* PBXTargetDependency */ = {
			isa = PBXTargetDependency;
			target = 5287ECC22BD0DA450081471B /* MontraDev */;
			targetProxy = 5287ECD42BD0DA470081471B /* PBXContainerItemProxy */;
		};
		5287ECDF2BD0DA470081471B /* PBXTargetDependency */ = {
			isa = PBXTargetDependency;
			target = 5287ECC22BD0DA450081471B /* MontraDev */;
			targetProxy = 5287ECDE2BD0DA470081471B /* PBXContainerItemProxy */;
		};
/* End PBXTargetDependency section */

/* Begin XCBuildConfiguration section */
		5287ECE52BD0DA470081471B /* Debug */ = {
			isa = XCBuildConfiguration;
			buildSettings = {
				ALWAYS_SEARCH_USER_PATHS = NO;
				ASSETCATALOG_COMPILER_GENERATE_SWIFT_ASSET_SYMBOL_EXTENSIONS = YES;
				CLANG_ANALYZER_NONNULL = YES;
				CLANG_ANALYZER_NUMBER_OBJECT_CONVERSION = YES_AGGRESSIVE;
				CLANG_CXX_LANGUAGE_STANDARD = "gnu++20";
				CLANG_ENABLE_MODULES = YES;
				CLANG_ENABLE_OBJC_ARC = YES;
				CLANG_ENABLE_OBJC_WEAK = YES;
				CLANG_WARN_BLOCK_CAPTURE_AUTORELEASING = YES;
				CLANG_WARN_BOOL_CONVERSION = YES;
				CLANG_WARN_COMMA = YES;
				CLANG_WARN_CONSTANT_CONVERSION = YES;
				CLANG_WARN_DEPRECATED_OBJC_IMPLEMENTATIONS = YES;
				CLANG_WARN_DIRECT_OBJC_ISA_USAGE = YES_ERROR;
				CLANG_WARN_DOCUMENTATION_COMMENTS = YES;
				CLANG_WARN_EMPTY_BODY = YES;
				CLANG_WARN_ENUM_CONVERSION = YES;
				CLANG_WARN_INFINITE_RECURSION = YES;
				CLANG_WARN_INT_CONVERSION = YES;
				CLANG_WARN_NON_LITERAL_NULL_CONVERSION = YES;
				CLANG_WARN_OBJC_IMPLICIT_RETAIN_SELF = YES;
				CLANG_WARN_OBJC_LITERAL_CONVERSION = YES;
				CLANG_WARN_OBJC_ROOT_CLASS = YES_ERROR;
				CLANG_WARN_QUOTED_INCLUDE_IN_FRAMEWORK_HEADER = YES;
				CLANG_WARN_RANGE_LOOP_ANALYSIS = YES;
				CLANG_WARN_STRICT_PROTOTYPES = YES;
				CLANG_WARN_SUSPICIOUS_MOVE = YES;
				CLANG_WARN_UNGUARDED_AVAILABILITY = YES_AGGRESSIVE;
				CLANG_WARN_UNREACHABLE_CODE = YES;
				CLANG_WARN__DUPLICATE_METHOD_MATCH = YES;
				COPY_PHASE_STRIP = NO;
				DEBUG_INFORMATION_FORMAT = dwarf;
				ENABLE_STRICT_OBJC_MSGSEND = YES;
				ENABLE_TESTABILITY = YES;
				ENABLE_USER_SCRIPT_SANDBOXING = YES;
				GCC_C_LANGUAGE_STANDARD = gnu17;
				GCC_DYNAMIC_NO_PIC = NO;
				GCC_NO_COMMON_BLOCKS = YES;
				GCC_OPTIMIZATION_LEVEL = 0;
				GCC_PREPROCESSOR_DEFINITIONS = (
					"DEBUG=1",
					"$(inherited)",
				);
				GCC_WARN_64_TO_32_BIT_CONVERSION = YES;
				GCC_WARN_ABOUT_RETURN_TYPE = YES_ERROR;
				GCC_WARN_UNDECLARED_SELECTOR = YES;
				GCC_WARN_UNINITIALIZED_AUTOS = YES_AGGRESSIVE;
				GCC_WARN_UNUSED_FUNCTION = YES;
				GCC_WARN_UNUSED_VARIABLE = YES;
				IPHONEOS_DEPLOYMENT_TARGET = 17.4;
				LOCALIZATION_PREFERS_STRING_CATALOGS = YES;
				MTL_ENABLE_DEBUG_INFO = INCLUDE_SOURCE;
				MTL_FAST_MATH = YES;
				ONLY_ACTIVE_ARCH = YES;
				SDKROOT = iphoneos;
				SWIFT_ACTIVE_COMPILATION_CONDITIONS = "DEBUG $(inherited)";
				SWIFT_OPTIMIZATION_LEVEL = "-Onone";
			};
			name = Debug;
		};
		5287ECE62BD0DA470081471B /* Release */ = {
			isa = XCBuildConfiguration;
			buildSettings = {
				ALWAYS_SEARCH_USER_PATHS = NO;
				ASSETCATALOG_COMPILER_GENERATE_SWIFT_ASSET_SYMBOL_EXTENSIONS = YES;
				CLANG_ANALYZER_NONNULL = YES;
				CLANG_ANALYZER_NUMBER_OBJECT_CONVERSION = YES_AGGRESSIVE;
				CLANG_CXX_LANGUAGE_STANDARD = "gnu++20";
				CLANG_ENABLE_MODULES = YES;
				CLANG_ENABLE_OBJC_ARC = YES;
				CLANG_ENABLE_OBJC_WEAK = YES;
				CLANG_WARN_BLOCK_CAPTURE_AUTORELEASING = YES;
				CLANG_WARN_BOOL_CONVERSION = YES;
				CLANG_WARN_COMMA = YES;
				CLANG_WARN_CONSTANT_CONVERSION = YES;
				CLANG_WARN_DEPRECATED_OBJC_IMPLEMENTATIONS = YES;
				CLANG_WARN_DIRECT_OBJC_ISA_USAGE = YES_ERROR;
				CLANG_WARN_DOCUMENTATION_COMMENTS = YES;
				CLANG_WARN_EMPTY_BODY = YES;
				CLANG_WARN_ENUM_CONVERSION = YES;
				CLANG_WARN_INFINITE_RECURSION = YES;
				CLANG_WARN_INT_CONVERSION = YES;
				CLANG_WARN_NON_LITERAL_NULL_CONVERSION = YES;
				CLANG_WARN_OBJC_IMPLICIT_RETAIN_SELF = YES;
				CLANG_WARN_OBJC_LITERAL_CONVERSION = YES;
				CLANG_WARN_OBJC_ROOT_CLASS = YES_ERROR;
				CLANG_WARN_QUOTED_INCLUDE_IN_FRAMEWORK_HEADER = YES;
				CLANG_WARN_RANGE_LOOP_ANALYSIS = YES;
				CLANG_WARN_STRICT_PROTOTYPES = YES;
				CLANG_WARN_SUSPICIOUS_MOVE = YES;
				CLANG_WARN_UNGUARDED_AVAILABILITY = YES_AGGRESSIVE;
				CLANG_WARN_UNREACHABLE_CODE = YES;
				CLANG_WARN__DUPLICATE_METHOD_MATCH = YES;
				COPY_PHASE_STRIP = NO;
				DEBUG_INFORMATION_FORMAT = "dwarf-with-dsym";
				ENABLE_NS_ASSERTIONS = NO;
				ENABLE_STRICT_OBJC_MSGSEND = YES;
				ENABLE_USER_SCRIPT_SANDBOXING = YES;
				GCC_C_LANGUAGE_STANDARD = gnu17;
				GCC_NO_COMMON_BLOCKS = YES;
				GCC_WARN_64_TO_32_BIT_CONVERSION = YES;
				GCC_WARN_ABOUT_RETURN_TYPE = YES_ERROR;
				GCC_WARN_UNDECLARED_SELECTOR = YES;
				GCC_WARN_UNINITIALIZED_AUTOS = YES_AGGRESSIVE;
				GCC_WARN_UNUSED_FUNCTION = YES;
				GCC_WARN_UNUSED_VARIABLE = YES;
				IPHONEOS_DEPLOYMENT_TARGET = 17.4;
				LOCALIZATION_PREFERS_STRING_CATALOGS = YES;
				MTL_ENABLE_DEBUG_INFO = NO;
				MTL_FAST_MATH = YES;
				SDKROOT = iphoneos;
				SWIFT_COMPILATION_MODE = wholemodule;
				VALIDATE_PRODUCT = YES;
			};
			name = Release;
		};
		5287ECE82BD0DA470081471B /* Debug */ = {
			isa = XCBuildConfiguration;
			buildSettings = {
				ASSETCATALOG_COMPILER_APPICON_NAME = AppIcon;
				ASSETCATALOG_COMPILER_GLOBAL_ACCENT_COLOR_NAME = AccentColor;
				CODE_SIGN_STYLE = Automatic;
				CURRENT_PROJECT_VERSION = 1;
				DEVELOPMENT_ASSET_PATHS = "\"MontraDev/Preview Content\"";
				ENABLE_PREVIEWS = YES;
				GENERATE_INFOPLIST_FILE = YES;
				INFOPLIST_FILE = MontraDev/Info.plist;
				INFOPLIST_KEY_UIApplicationSceneManifest_Generation = YES;
				INFOPLIST_KEY_UIApplicationSupportsIndirectInputEvents = YES;
				INFOPLIST_KEY_UILaunchScreen_Generation = YES;
				INFOPLIST_KEY_UILaunchStoryboardName = LaunchScreen.storyboard;
				INFOPLIST_KEY_UISupportedInterfaceOrientations_iPad = "UIInterfaceOrientationPortrait UIInterfaceOrientationPortraitUpsideDown UIInterfaceOrientationLandscapeLeft UIInterfaceOrientationLandscapeRight";
				INFOPLIST_KEY_UISupportedInterfaceOrientations_iPhone = "UIInterfaceOrientationPortrait UIInterfaceOrientationLandscapeLeft UIInterfaceOrientationLandscapeRight";
				LD_RUNPATH_SEARCH_PATHS = (
					"$(inherited)",
					"@executable_path/Frameworks",
				);
				MARKETING_VERSION = 1.0;
				PRODUCT_BUNDLE_IDENTIFIER = com.rizalpratama.MontraDev;
				PRODUCT_NAME = "$(TARGET_NAME)";
				SWIFT_EMIT_LOC_STRINGS = YES;
				SWIFT_VERSION = 5.0;
				TARGETED_DEVICE_FAMILY = "1,2";
			};
			name = Debug;
		};
		5287ECE92BD0DA470081471B /* Release */ = {
			isa = XCBuildConfiguration;
			buildSettings = {
				ASSETCATALOG_COMPILER_APPICON_NAME = AppIcon;
				ASSETCATALOG_COMPILER_GLOBAL_ACCENT_COLOR_NAME = AccentColor;
				CODE_SIGN_STYLE = Automatic;
				CURRENT_PROJECT_VERSION = 1;
				DEVELOPMENT_ASSET_PATHS = "\"MontraDev/Preview Content\"";
				ENABLE_PREVIEWS = YES;
				GENERATE_INFOPLIST_FILE = YES;
				INFOPLIST_FILE = MontraDev/Info.plist;
				INFOPLIST_KEY_UIApplicationSceneManifest_Generation = YES;
				INFOPLIST_KEY_UIApplicationSupportsIndirectInputEvents = YES;
				INFOPLIST_KEY_UILaunchScreen_Generation = YES;
				INFOPLIST_KEY_UILaunchStoryboardName = LaunchScreen.storyboard;
				INFOPLIST_KEY_UISupportedInterfaceOrientations_iPad = "UIInterfaceOrientationPortrait UIInterfaceOrientationPortraitUpsideDown UIInterfaceOrientationLandscapeLeft UIInterfaceOrientationLandscapeRight";
				INFOPLIST_KEY_UISupportedInterfaceOrientations_iPhone = "UIInterfaceOrientationPortrait UIInterfaceOrientationLandscapeLeft UIInterfaceOrientationLandscapeRight";
				LD_RUNPATH_SEARCH_PATHS = (
					"$(inherited)",
					"@executable_path/Frameworks",
				);
				MARKETING_VERSION = 1.0;
				PRODUCT_BUNDLE_IDENTIFIER = com.rizalpratama.MontraDev;
				PRODUCT_NAME = "$(TARGET_NAME)";
				SWIFT_EMIT_LOC_STRINGS = YES;
				SWIFT_VERSION = 5.0;
				TARGETED_DEVICE_FAMILY = "1,2";
			};
			name = Release;
		};
		5287ECEB2BD0DA470081471B /* Debug */ = {
			isa = XCBuildConfiguration;
			buildSettings = {
				ALWAYS_EMBED_SWIFT_STANDARD_LIBRARIES = YES;
				BUNDLE_LOADER = "$(TEST_HOST)";
				CODE_SIGN_STYLE = Automatic;
				CURRENT_PROJECT_VERSION = 1;
				GENERATE_INFOPLIST_FILE = YES;
				IPHONEOS_DEPLOYMENT_TARGET = 17.4;
				MARKETING_VERSION = 1.0;
				PRODUCT_BUNDLE_IDENTIFIER = com.rizalpratama.MontraDevTests;
				PRODUCT_NAME = "$(TARGET_NAME)";
				SWIFT_EMIT_LOC_STRINGS = NO;
				SWIFT_VERSION = 5.0;
				TARGETED_DEVICE_FAMILY = "1,2";
				TEST_HOST = "$(BUILT_PRODUCTS_DIR)/MontraDev.app/$(BUNDLE_EXECUTABLE_FOLDER_PATH)/MontraDev";
			};
			name = Debug;
		};
		5287ECEC2BD0DA470081471B /* Release */ = {
			isa = XCBuildConfiguration;
			buildSettings = {
				ALWAYS_EMBED_SWIFT_STANDARD_LIBRARIES = YES;
				BUNDLE_LOADER = "$(TEST_HOST)";
				CODE_SIGN_STYLE = Automatic;
				CURRENT_PROJECT_VERSION = 1;
				GENERATE_INFOPLIST_FILE = YES;
				IPHONEOS_DEPLOYMENT_TARGET = 17.4;
				MARKETING_VERSION = 1.0;
				PRODUCT_BUNDLE_IDENTIFIER = com.rizalpratama.MontraDevTests;
				PRODUCT_NAME = "$(TARGET_NAME)";
				SWIFT_EMIT_LOC_STRINGS = NO;
				SWIFT_VERSION = 5.0;
				TARGETED_DEVICE_FAMILY = "1,2";
				TEST_HOST = "$(BUILT_PRODUCTS_DIR)/MontraDev.app/$(BUNDLE_EXECUTABLE_FOLDER_PATH)/MontraDev";
			};
			name = Release;
		};
		5287ECEE2BD0DA470081471B /* Debug */ = {
			isa = XCBuildConfiguration;
			buildSettings = {
				ALWAYS_EMBED_SWIFT_STANDARD_LIBRARIES = YES;
				CODE_SIGN_STYLE = Automatic;
				CURRENT_PROJECT_VERSION = 1;
				GENERATE_INFOPLIST_FILE = YES;
				MARKETING_VERSION = 1.0;
				PRODUCT_BUNDLE_IDENTIFIER = com.rizalpratama.MontraDevUITests;
				PRODUCT_NAME = "$(TARGET_NAME)";
				SWIFT_EMIT_LOC_STRINGS = NO;
				SWIFT_VERSION = 5.0;
				TARGETED_DEVICE_FAMILY = "1,2";
				TEST_TARGET_NAME = MontraDev;
			};
			name = Debug;
		};
		5287ECEF2BD0DA470081471B /* Release */ = {
			isa = XCBuildConfiguration;
			buildSettings = {
				ALWAYS_EMBED_SWIFT_STANDARD_LIBRARIES = YES;
				CODE_SIGN_STYLE = Automatic;
				CURRENT_PROJECT_VERSION = 1;
				GENERATE_INFOPLIST_FILE = YES;
				MARKETING_VERSION = 1.0;
				PRODUCT_BUNDLE_IDENTIFIER = com.rizalpratama.MontraDevUITests;
				PRODUCT_NAME = "$(TARGET_NAME)";
				SWIFT_EMIT_LOC_STRINGS = NO;
				SWIFT_VERSION = 5.0;
				TARGETED_DEVICE_FAMILY = "1,2";
				TEST_TARGET_NAME = MontraDev;
			};
			name = Release;
		};
/* End XCBuildConfiguration section */

/* Begin XCConfigurationList section */
		5287ECBE2BD0DA450081471B /* Build configuration list for PBXProject "MontraDev" */ = {
			isa = XCConfigurationList;
			buildConfigurations = (
				5287ECE52BD0DA470081471B /* Debug */,
				5287ECE62BD0DA470081471B /* Release */,
			);
			defaultConfigurationIsVisible = 0;
			defaultConfigurationName = Release;
		};
		5287ECE72BD0DA470081471B /* Build configuration list for PBXNativeTarget "MontraDev" */ = {
			isa = XCConfigurationList;
			buildConfigurations = (
				5287ECE82BD0DA470081471B /* Debug */,
				5287ECE92BD0DA470081471B /* Release */,
			);
			defaultConfigurationIsVisible = 0;
			defaultConfigurationName = Release;
		};
		5287ECEA2BD0DA470081471B /* Build configuration list for PBXNativeTarget "MontraDevTests" */ = {
			isa = XCConfigurationList;
			buildConfigurations = (
				5287ECEB2BD0DA470081471B /* Debug */,
				5287ECEC2BD0DA470081471B /* Release */,
			);
			defaultConfigurationIsVisible = 0;
			defaultConfigurationName = Release;
		};
		5287ECED2BD0DA470081471B /* Build configuration list for PBXNativeTarget "MontraDevUITests" */ = {
			isa = XCConfigurationList;
			buildConfigurations = (
				5287ECEE2BD0DA470081471B /* Debug */,
				5287ECEF2BD0DA470081471B /* Release */,
			);
			defaultConfigurationIsVisible = 0;
			defaultConfigurationName = Release;
		};
/* End XCConfigurationList section */
	};
	rootObject = 5287ECBB2BD0DA450081471B /* Project object */;
}
